// !$*UTF8*$!
{
	archiveVersion = 1;
	classes = {
	};
	objectVersion = 46;
	objects = {

/* Begin PBXBuildFile section */
		F5224B081DC3AF3B00C36CC5 /* main.m in Sources */ = {isa = PBXBuildFile; fileRef = F5224B071DC3AF3B00C36CC5 /* main.m */; };
		F5224B0B1DC3AF3B00C36CC5 /* AppDelegate.m in Sources */ = {isa = PBXBuildFile; fileRef = F5224B0A1DC3AF3B00C36CC5 /* AppDelegate.m */; };
		F5224B131DC3AF3B00C36CC5 /* Assets.xcassets in Resources */ = {isa = PBXBuildFile; fileRef = F5224B121DC3AF3B00C36CC5 /* Assets.xcassets */; };
		F5224B161DC3AF3B00C36CC5 /* LaunchScreen.storyboard in Resources */ = {isa = PBXBuildFile; fileRef = F5224B141DC3AF3B00C36CC5 /* LaunchScreen.storyboard */; };
		F5224B201DC3B00500C36CC5 /* NewUserRegisterViewController.m in Sources */ = {isa = PBXBuildFile; fileRef = F5224B1E1DC3B00500C36CC5 /* NewUserRegisterViewController.m */; };
		F5224B211DC3B00500C36CC5 /* NewUserRegisterViewController.xib in Resources */ = {isa = PBXBuildFile; fileRef = F5224B1F1DC3B00500C36CC5 /* NewUserRegisterViewController.xib */; };
		F5D1335E1DC3E27800AD3A33 /* Localizable.strings in Resources */ = {isa = PBXBuildFile; fileRef = F5D133601DC3E27800AD3A33 /* Localizable.strings */; };
/* End PBXBuildFile section */

/* Begin PBXFileReference section */
		F5224B031DC3AF3B00C36CC5 /* ChenyaExperiment.app */ = {isa = PBXFileReference; explicitFileType = wrapper.application; includeInIndex = 0; path = ChenyaExperiment.app; sourceTree = BUILT_PRODUCTS_DIR; };
		F5224B071DC3AF3B00C36CC5 /* main.m */ = {isa = PBXFileReference; lastKnownFileType = sourcecode.c.objc; path = main.m; sourceTree = "<group>"; };
		F5224B091DC3AF3B00C36CC5 /* AppDelegate.h */ = {isa = PBXFileReference; lastKnownFileType = sourcecode.c.h; path = AppDelegate.h; sourceTree = "<group>"; };
		F5224B0A1DC3AF3B00C36CC5 /* AppDelegate.m */ = {isa = PBXFileReference; lastKnownFileType = sourcecode.c.objc; path = AppDelegate.m; sourceTree = "<group>"; };
		F5224B121DC3AF3B00C36CC5 /* Assets.xcassets */ = {isa = PBXFileReference; lastKnownFileType = folder.assetcatalog; path = Assets.xcassets; sourceTree = "<group>"; };
		F5224B151DC3AF3B00C36CC5 /* Base */ = {isa = PBXFileReference; lastKnownFileType = file.storyboard; name = Base; path = Base.lproj/LaunchScreen.storyboard; sourceTree = "<group>"; };
		F5224B171DC3AF3B00C36CC5 /* Info.plist */ = {isa = PBXFileReference; lastKnownFileType = text.plist.xml; path = Info.plist; sourceTree = "<group>"; };
		F5224B1D1DC3B00500C36CC5 /* NewUserRegisterViewController.h */ = {isa = PBXFileReference; fileEncoding = 4; lastKnownFileType = sourcecode.c.h; path = NewUserRegisterViewController.h; sourceTree = "<group>"; };
		F5224B1E1DC3B00500C36CC5 /* NewUserRegisterViewController.m */ = {isa = PBXFileReference; fileEncoding = 4; lastKnownFileType = sourcecode.c.objc; path = NewUserRegisterViewController.m; sourceTree = "<group>"; };
		F5224B1F1DC3B00500C36CC5 /* NewUserRegisterViewController.xib */ = {isa = PBXFileReference; fileEncoding = 4; lastKnownFileType = file.xib; path = NewUserRegisterViewController.xib; sourceTree = "<group>"; };
		F5D1335F1DC3E27800AD3A33 /* en */ = {isa = PBXFileReference; lastKnownFileType = text.plist.strings; name = en; path = en.lproj/Localizable.strings; sourceTree = "<group>"; };
		F5D133611DC3E37200AD3A33 /* zh-Hans */ = {isa = PBXFileReference; lastKnownFileType = text.plist.strings; name = "zh-Hans"; path = "zh-Hans.lproj/LaunchScreen.strings"; sourceTree = "<group>"; };
		F5D133621DC3E37300AD3A33 /* zh-Hans */ = {isa = PBXFileReference; lastKnownFileType = text.plist.strings; name = "zh-Hans"; path = "zh-Hans.lproj/Localizable.strings"; sourceTree = "<group>"; };
/* End PBXFileReference section */

/* Begin PBXFrameworksBuildPhase section */
		F5224B001DC3AF3B00C36CC5 /* Frameworks */ = {
			isa = PBXFrameworksBuildPhase;
			buildActionMask = 2147483647;
			files = (
			);
			runOnlyForDeploymentPostprocessing = 0;
		};
/* End PBXFrameworksBuildPhase section */

/* Begin PBXGroup section */
		F5224AFA1DC3AF3B00C36CC5 = {
			isa = PBXGroup;
			children = (
				F5224B051DC3AF3B00C36CC5 /* ChenyaExperiment */,
				F5224B041DC3AF3B00C36CC5 /* Products */,
			);
			sourceTree = "<group>";
		};
		F5224B041DC3AF3B00C36CC5 /* Products */ = {
			isa = PBXGroup;
			children = (
				F5224B031DC3AF3B00C36CC5 /* ChenyaExperiment.app */,
			);
			name = Products;
			sourceTree = "<group>";
		};
		F5224B051DC3AF3B00C36CC5 /* ChenyaExperiment */ = {
			isa = PBXGroup;
			children = (
				F5224B091DC3AF3B00C36CC5 /* AppDelegate.h */,
				F5224B0A1DC3AF3B00C36CC5 /* AppDelegate.m */,
				F5224B1D1DC3B00500C36CC5 /* NewUserRegisterViewController.h */,
				F5224B1E1DC3B00500C36CC5 /* NewUserRegisterViewController.m */,
				F5224B1F1DC3B00500C36CC5 /* NewUserRegisterViewController.xib */,
				F5224B121DC3AF3B00C36CC5 /* Assets.xcassets */,
				F5D133601DC3E27800AD3A33 /* Localizable.strings */,
				F5224B141DC3AF3B00C36CC5 /* LaunchScreen.storyboard */,
				F5224B171DC3AF3B00C36CC5 /* Info.plist */,
				F5224B061DC3AF3B00C36CC5 /* Supporting Files */,
			);
			path = ChenyaExperiment;
			sourceTree = "<group>";
		};
		F5224B061DC3AF3B00C36CC5 /* Supporting Files */ = {
			isa = PBXGroup;
			children = (
				F5224B071DC3AF3B00C36CC5 /* main.m */,
			);
			name = "Supporting Files";
			sourceTree = "<group>";
		};
/* End PBXGroup section */

/* Begin PBXNativeTarget section */
		F5224B021DC3AF3B00C36CC5 /* ChenyaExperiment */ = {
			isa = PBXNativeTarget;
			buildConfigurationList = F5224B1A1DC3AF3B00C36CC5 /* Build configuration list for PBXNativeTarget "ChenyaExperiment" */;
			buildPhases = (
				F5224AFF1DC3AF3B00C36CC5 /* Sources */,
				F5224B001DC3AF3B00C36CC5 /* Frameworks */,
				F5224B011DC3AF3B00C36CC5 /* Resources */,
			);
			buildRules = (
			);
			dependencies = (
			);
			name = ChenyaExperiment;
			productName = ChenyaExperiment;
			productReference = F5224B031DC3AF3B00C36CC5 /* ChenyaExperiment.app */;
			productType = "com.apple.product-type.application";
		};
/* End PBXNativeTarget section */

/* Begin PBXProject section */
		F5224AFB1DC3AF3B00C36CC5 /* Project object */ = {
			isa = PBXProject;
			attributes = {
				LastUpgradeCheck = 0800;
				ORGANIZATIONNAME = "Chenya Zhang";
				TargetAttributes = {
					F5224B021DC3AF3B00C36CC5 = {
						CreatedOnToolsVersion = 8.0;
						DevelopmentTeam = HK5T53PCUH;
						ProvisioningStyle = Automatic;
					};
				};
			};
			buildConfigurationList = F5224AFE1DC3AF3B00C36CC5 /* Build configuration list for PBXProject "ChenyaExperiment" */;
			compatibilityVersion = "Xcode 3.2";
			developmentRegion = English;
			hasScannedForEncodings = 0;
			knownRegions = (
				en,
				Base,
				"zh-Hans",
			);
			mainGroup = F5224AFA1DC3AF3B00C36CC5;
			productRefGroup = F5224B041DC3AF3B00C36CC5 /* Products */;
			projectDirPath = "";
			projectRoot = "";
			targets = (
				F5224B021DC3AF3B00C36CC5 /* ChenyaExperiment */,
			);
		};
/* End PBXProject section */

/* Begin PBXResourcesBuildPhase section */
		F5224B011DC3AF3B00C36CC5 /* Resources */ = {
			isa = PBXResourcesBuildPhase;
			buildActionMask = 2147483647;
			files = (
				F5224B161DC3AF3B00C36CC5 /* LaunchScreen.storyboard in Resources */,
				F5D1335E1DC3E27800AD3A33 /* Localizable.strings in Resources */,
				F5224B211DC3B00500C36CC5 /* NewUserRegisterViewController.xib in Resources */,
				F5224B131DC3AF3B00C36CC5 /* Assets.xcassets in Resources */,
			);
			runOnlyForDeploymentPostprocessing = 0;
		};
/* End PBXResourcesBuildPhase section */

/* Begin PBXSourcesBuildPhase section */
		F5224AFF1DC3AF3B00C36CC5 /* Sources */ = {
			isa = PBXSourcesBuildPhase;
			buildActionMask = 2147483647;
			files = (
				F5224B201DC3B00500C36CC5 /* NewUserRegisterViewController.m in Sources */,
				F5224B0B1DC3AF3B00C36CC5 /* AppDelegate.m in Sources */,
				F5224B081DC3AF3B00C36CC5 /* main.m in Sources */,
			);
			runOnlyForDeploymentPostprocessing = 0;
		};
/* End PBXSourcesBuildPhase section */

/* Begin PBXVariantGroup section */
		F5224B141DC3AF3B00C36CC5 /* LaunchScreen.storyboard */ = {
			isa = PBXVariantGroup;
			children = (
				F5224B151DC3AF3B00C36CC5 /* Base */,
				F5D133611DC3E37200AD3A33 /* zh-Hans */,
			);
			name = LaunchScreen.storyboard;
			sourceTree = "<group>";
		};
		F5D133601DC3E27800AD3A33 /* Localizable.strings */ = {
			isa = PBXVariantGroup;
			children = (
				F5D1335F1DC3E27800AD3A33 /* en */,
				F5D133621DC3E37300AD3A33 /* zh-Hans */,
			);
			name = Localizable.strings;
			sourceTree = "<group>";
		};
/* End PBXVariantGroup section */

/* Begin XCBuildConfiguration section */
		F5224B181DC3AF3B00C36CC5 /* Debug */ = {
			isa = XCBuildConfiguration;
			buildSettings = {
				ALWAYS_SEARCH_USER_PATHS = NO;
				CLANG_ANALYZER_LOCALIZABILITY_NONLOCALIZED = YES;
				CLANG_ANALYZER_NONNULL = YES;
				CLANG_CXX_LANGUAGE_STANDARD = "gnu++0x";
				CLANG_CXX_LIBRARY = "libc++";
				CLANG_ENABLE_MODULES = YES;
				CLANG_ENABLE_OBJC_ARC = YES;
				CLANG_WARN_BOOL_CONVERSION = YES;
				CLANG_WARN_CONSTANT_CONVERSION = YES;
				CLANG_WARN_DIRECT_OBJC_ISA_USAGE = YES_ERROR;
				CLANG_WARN_DOCUMENTATION_COMMENTS = YES;
				CLANG_WARN_EMPTY_BODY = YES;
				CLANG_WARN_ENUM_CONVERSION = YES;
				CLANG_WARN_INFINITE_RECURSION = YES;
				CLANG_WARN_INT_CONVERSION = YES;
				CLANG_WARN_OBJC_ROOT_CLASS = YES_ERROR;
				CLANG_WARN_SUSPICIOUS_MOVES = YES;
				CLANG_WARN_UNREACHABLE_CODE = YES;
				CLANG_WARN__DUPLICATE_METHOD_MATCH = YES;
				"CODE_SIGN_IDENTITY[sdk=iphoneos*]" = "iPhone Developer";
				COPY_PHASE_STRIP = NO;
				DEBUG_INFORMATION_FORMAT = dwarf;
				ENABLE_STRICT_OBJC_MSGSEND = YES;
				ENABLE_TESTABILITY = YES;
				GCC_C_LANGUAGE_STANDARD = gnu99;
				GCC_DYNAMIC_NO_PIC = NO;
				GCC_NO_COMMON_BLOCKS = YES;
				GCC_OPTIMIZATION_LEVEL = 0;
				GCC_PREPROCESSOR_DEFINITIONS = (
					"DEBUG=1",
					"$(inherited)",
				);
				GCC_WARN_64_TO_32_BIT_CONVERSION = YES;
				GCC_WARN_ABOUT_RETURN_TYPE = YES_ERROR;
				GCC_WARN_UNDECLARED_SELECTOR = YES;
				GCC_WARN_UNINITIALIZED_AUTOS = YES_AGGRESSIVE;
				GCC_WARN_UNUSED_FUNCTION = YES;
				GCC_WARN_UNUSED_VARIABLE = YES;
				IPHONEOS_DEPLOYMENT_TARGET = 10.0;
				MTL_ENABLE_DEBUG_INFO = YES;
				ONLY_ACTIVE_ARCH = YES;
				SDKROOT = iphoneos;
				TARGETED_DEVICE_FAMILY = "1,2";
			};
			name = Debug;
		};
		F5224B191DC3AF3B00C36CC5 /* Release */ = {
			isa = XCBuildConfiguration;
			buildSettings = {
				ALWAYS_SEARCH_USER_PATHS = NO;
				CLANG_ANALYZER_LOCALIZABILITY_NONLOCALIZED = YES;
				CLANG_ANALYZER_NONNULL = YES;
				CLANG_CXX_LANGUAGE_STANDARD = "gnu++0x";
				CLANG_CXX_LIBRARY = "libc++";
				CLANG_ENABLE_MODULES = YES;
				CLANG_ENABLE_OBJC_ARC = YES;
				CLANG_WARN_BOOL_CONVERSION = YES;
				CLANG_WARN_CONSTANT_CONVERSION = YES;
				CLANG_WARN_DIRECT_OBJC_ISA_USAGE = YES_ERROR;
				CLANG_WARN_DOCUMENTATION_COMMENTS = YES;
				CLANG_WARN_EMPTY_BODY = YES;
				CLANG_WARN_ENUM_CONVERSION = YES;
				CLANG_WARN_INFINITE_RECURSION = YES;
				CLANG_WARN_INT_CONVERSION = YES;
				CLANG_WARN_OBJC_ROOT_CLASS = YES_ERROR;
				CLANG_WARN_SUSPICIOUS_MOVES = YES;
				CLANG_WARN_UNREACHABLE_CODE = YES;
				CLANG_WARN__DUPLICATE_METHOD_MATCH = YES;
				"CODE_SIGN_IDENTITY[sdk=iphoneos*]" = "iPhone Developer";
				COPY_PHASE_STRIP = NO;
				DEBUG_INFORMATION_FORMAT = "dwarf-with-dsym";
				ENABLE_NS_ASSERTIONS = NO;
				ENABLE_STRICT_OBJC_MSGSEND = YES;
				GCC_C_LANGUAGE_STANDARD = gnu99;
				GCC_NO_COMMON_BLOCKS = YES;
				GCC_WARN_64_TO_32_BIT_CONVERSION = YES;
				GCC_WARN_ABOUT_RETURN_TYPE = YES_ERROR;
				GCC_WARN_UNDECLARED_SELECTOR = YES;
				GCC_WARN_UNINITIALIZED_AUTOS = YES_AGGRESSIVE;
				GCC_WARN_UNUSED_FUNCTION = YES;
				GCC_WARN_UNUSED_VARIABLE = YES;
				IPHONEOS_DEPLOYMENT_TARGET = 10.0;
				MTL_ENABLE_DEBUG_INFO = NO;
				SDKROOT = iphoneos;
				TARGETED_DEVICE_FAMILY = "1,2";
				VALIDATE_PRODUCT = YES;
			};
			name = Release;
		};
		F5224B1B1DC3AF3B00C36CC5 /* Debug */ = {
			isa = XCBuildConfiguration;
			buildSettings = {
				ASSETCATALOG_COMPILER_APPICON_NAME = AppIcon;
				DEVELOPMENT_TEAM = HK5T53PCUH;
				INFOPLIST_FILE = ChenyaExperiment/Info.plist;
				LD_RUNPATH_SEARCH_PATHS = "$(inherited) @executable_path/Frameworks";
				PRODUCT_BUNDLE_IDENTIFIER = ChenyaZhang.ChenyaExperiment;
				PRODUCT_NAME = "$(TARGET_NAME)";
			};
			name = Debug;
		};
		F5224B1C1DC3AF3B00C36CC5 /* Release */ = {
			isa = XCBuildConfiguration;
			buildSettings = {
				ASSETCATALOG_COMPILER_APPICON_NAME = AppIcon;
				DEVELOPMENT_TEAM = HK5T53PCUH;
				INFOPLIST_FILE = ChenyaExperiment/Info.plist;
				LD_RUNPATH_SEARCH_PATHS = "$(inherited) @executable_path/Frameworks";
				PRODUCT_BUNDLE_IDENTIFIER = ChenyaZhang.ChenyaExperiment;
				PRODUCT_NAME = "$(TARGET_NAME)";
			};
			name = Release;
		};
/* End XCBuildConfiguration section */

/* Begin XCConfigurationList section */
		F5224AFE1DC3AF3B00C36CC5 /* Build configuration list for PBXProject "ChenyaExperiment" */ = {
			isa = XCConfigurationList;
			buildConfigurations = (
				F5224B181DC3AF3B00C36CC5 /* Debug */,
				F5224B191DC3AF3B00C36CC5 /* Release */,
			);
			defaultConfigurationIsVisible = 0;
			defaultConfigurationName = Release;
		};
		F5224B1A1DC3AF3B00C36CC5 /* Build configuration list for PBXNativeTarget "ChenyaExperiment" */ = {
			isa = XCConfigurationList;
			buildConfigurations = (
				F5224B1B1DC3AF3B00C36CC5 /* Debug */,
				F5224B1C1DC3AF3B00C36CC5 /* Release */,
			);
			defaultConfigurationIsVisible = 0;
			defaultConfigurationName = Release;
		};
/* End XCConfigurationList section */
	};
	rootObject = F5224AFB1DC3AF3B00C36CC5 /* Project object */;
}
